// !$*UTF8*$!
{
	archiveVersion = 1;
	classes = {
	};
	objectVersion = 60;
	objects = {

/* Begin PBXBuildFile section */
		84CE7AD22C2F37BF00B8AED3 /* AppDelegate.swift in Sources */ = {isa = PBXBuildFile; fileRef = 84CE7AD12C2F37BF00B8AED3 /* AppDelegate.swift */; };
		84CE7AD42C2F37BF00B8AED3 /* SceneDelegate.swift in Sources */ = {isa = PBXBuildFile; fileRef = 84CE7AD32C2F37BF00B8AED3 /* SceneDelegate.swift */; };
		84CE7AD92C2F37BF00B8AED3 /* Main.storyboard in Resources */ = {isa = PBXBuildFile; fileRef = 84CE7AD72C2F37BF00B8AED3 /* Main.storyboard */; };
		84CE7ADB2C2F37C100B8AED3 /* Assets.xcassets in Resources */ = {isa = PBXBuildFile; fileRef = 84CE7ADA2C2F37C100B8AED3 /* Assets.xcassets */; };
		84CE7ADE2C2F37C100B8AED3 /* LaunchScreen.storyboard in Resources */ = {isa = PBXBuildFile; fileRef = 84CE7ADC2C2F37C100B8AED3 /* LaunchScreen.storyboard */; };
		84CE7AE62C2F381900B8AED3 /* FirstScreenView.swift in Sources */ = {isa = PBXBuildFile; fileRef = 84CE7AE52C2F381900B8AED3 /* FirstScreenView.swift */; };
		84CE7AEA2C2F3BB300B8AED3 /* FirstScreenViewModel.swift in Sources */ = {isa = PBXBuildFile; fileRef = 84CE7AE92C2F3BB300B8AED3 /* FirstScreenViewModel.swift */; };
		84CE7AED2C2F414E00B8AED3 /* EventCell.swift in Sources */ = {isa = PBXBuildFile; fileRef = 84CE7AEC2C2F414E00B8AED3 /* EventCell.swift */; };
		84CE7AF02C2F469F00B8AED3 /* Client.swift in Sources */ = {isa = PBXBuildFile; fileRef = 84CE7AEF2C2F469F00B8AED3 /* Client.swift */; };
		84CE7AF32C2F497300B8AED3 /* OpenAPIClient in Frameworks */ = {isa = PBXBuildFile; productRef = 84CE7AF22C2F497300B8AED3 /* OpenAPIClient */; };
		84CE7AF62C2F4D5B00B8AED3 /* OpenAPIClient in Frameworks */ = {isa = PBXBuildFile; productRef = 84CE7AF52C2F4D5B00B8AED3 /* OpenAPIClient */; };
		84CE7AF92C2F501600B8AED3 /* Web3 in Frameworks */ = {isa = PBXBuildFile; productRef = 84CE7AF82C2F501600B8AED3 /* Web3 */; };
		84CE7AFB2C2F501600B8AED3 /* Web3ContractABI in Frameworks */ = {isa = PBXBuildFile; productRef = 84CE7AFA2C2F501600B8AED3 /* Web3ContractABI */; };
		84CE7AFD2C2F501600B8AED3 /* Web3PromiseKit in Frameworks */ = {isa = PBXBuildFile; productRef = 84CE7AFC2C2F501600B8AED3 /* Web3PromiseKit */; };
		84CE7AFF2C2F51AF00B8AED3 /* FirstScreenModel.swift in Sources */ = {isa = PBXBuildFile; fileRef = 84CE7AFE2C2F51AF00B8AED3 /* FirstScreenModel.swift */; };
		84CE7B012C2F51BD00B8AED3 /* FirstScreenConfigurator.swift in Sources */ = {isa = PBXBuildFile; fileRef = 84CE7B002C2F51BD00B8AED3 /* FirstScreenConfigurator.swift */; };
		84CE7B042C2F62DF00B8AED3 /* GameViewController.swift in Sources */ = {isa = PBXBuildFile; fileRef = 84CE7B032C2F62DF00B8AED3 /* GameViewController.swift */; };
		84CE7B062C2F642F00B8AED3 /* GameScene.swift in Sources */ = {isa = PBXBuildFile; fileRef = 84CE7B052C2F642F00B8AED3 /* GameScene.swift */; };
		84CE7B092C300D6800B8AED3 /* SecondScreenView.swift in Sources */ = {isa = PBXBuildFile; fileRef = 84CE7B082C300D6800B8AED3 /* SecondScreenView.swift */; };
		84CE7B0B2C300D7C00B8AED3 /* SecondScreenViewModel.swift in Sources */ = {isa = PBXBuildFile; fileRef = 84CE7B0A2C300D7C00B8AED3 /* SecondScreenViewModel.swift */; };
		84CE7B0F2C300E2F00B8AED3 /* NavigationManager.swift in Sources */ = {isa = PBXBuildFile; fileRef = 84CE7B0E2C300E2F00B8AED3 /* NavigationManager.swift */; };
		84CE7B112C300F6800B8AED3 /* SecondScreenConfigurator.swift in Sources */ = {isa = PBXBuildFile; fileRef = 84CE7B102C300F6800B8AED3 /* SecondScreenConfigurator.swift */; };
		84CE7B132C30236D00B8AED3 /* GameScene.sks in Resources */ = {isa = PBXBuildFile; fileRef = 84CE7B122C30236D00B8AED3 /* GameScene.sks */; };
/* End PBXBuildFile section */

/* Begin PBXFileReference section */
		84CE7ACE2C2F37BF00B8AED3 /* Carnage.app */ = {isa = PBXFileReference; explicitFileType = wrapper.application; includeInIndex = 0; path = Carnage.app; sourceTree = BUILT_PRODUCTS_DIR; };
		84CE7AD12C2F37BF00B8AED3 /* AppDelegate.swift */ = {isa = PBXFileReference; lastKnownFileType = sourcecode.swift; path = AppDelegate.swift; sourceTree = "<group>"; };
		84CE7AD32C2F37BF00B8AED3 /* SceneDelegate.swift */ = {isa = PBXFileReference; lastKnownFileType = sourcecode.swift; path = SceneDelegate.swift; sourceTree = "<group>"; };
		84CE7AD82C2F37BF00B8AED3 /* Base */ = {isa = PBXFileReference; lastKnownFileType = file.storyboard; name = Base; path = Base.lproj/Main.storyboard; sourceTree = "<group>"; };
		84CE7ADA2C2F37C100B8AED3 /* Assets.xcassets */ = {isa = PBXFileReference; lastKnownFileType = folder.assetcatalog; path = Assets.xcassets; sourceTree = "<group>"; };
		84CE7ADD2C2F37C100B8AED3 /* Base */ = {isa = PBXFileReference; lastKnownFileType = file.storyboard; name = Base; path = Base.lproj/LaunchScreen.storyboard; sourceTree = "<group>"; };
		84CE7ADF2C2F37C100B8AED3 /* Info.plist */ = {isa = PBXFileReference; lastKnownFileType = text.plist.xml; path = Info.plist; sourceTree = "<group>"; };
		84CE7AE52C2F381900B8AED3 /* FirstScreenView.swift */ = {isa = PBXFileReference; lastKnownFileType = sourcecode.swift; path = FirstScreenView.swift; sourceTree = "<group>"; };
		84CE7AE92C2F3BB300B8AED3 /* FirstScreenViewModel.swift */ = {isa = PBXFileReference; lastKnownFileType = sourcecode.swift; path = FirstScreenViewModel.swift; sourceTree = "<group>"; };
		84CE7AEC2C2F414E00B8AED3 /* EventCell.swift */ = {isa = PBXFileReference; lastKnownFileType = sourcecode.swift; path = EventCell.swift; sourceTree = "<group>"; };
		84CE7AEF2C2F469F00B8AED3 /* Client.swift */ = {isa = PBXFileReference; lastKnownFileType = sourcecode.swift; path = Client.swift; sourceTree = "<group>"; };
		84CE7AFE2C2F51AF00B8AED3 /* FirstScreenModel.swift */ = {isa = PBXFileReference; lastKnownFileType = sourcecode.swift; path = FirstScreenModel.swift; sourceTree = "<group>"; };
		84CE7B002C2F51BD00B8AED3 /* FirstScreenConfigurator.swift */ = {isa = PBXFileReference; lastKnownFileType = sourcecode.swift; path = FirstScreenConfigurator.swift; sourceTree = "<group>"; };
		84CE7B032C2F62DF00B8AED3 /* GameViewController.swift */ = {isa = PBXFileReference; lastKnownFileType = sourcecode.swift; path = GameViewController.swift; sourceTree = "<group>"; };
		84CE7B052C2F642F00B8AED3 /* GameScene.swift */ = {isa = PBXFileReference; lastKnownFileType = sourcecode.swift; path = GameScene.swift; sourceTree = "<group>"; };
		84CE7B082C300D6800B8AED3 /* SecondScreenView.swift */ = {isa = PBXFileReference; lastKnownFileType = sourcecode.swift; path = SecondScreenView.swift; sourceTree = "<group>"; };
		84CE7B0A2C300D7C00B8AED3 /* SecondScreenViewModel.swift */ = {isa = PBXFileReference; lastKnownFileType = sourcecode.swift; path = SecondScreenViewModel.swift; sourceTree = "<group>"; };
		84CE7B0E2C300E2F00B8AED3 /* NavigationManager.swift */ = {isa = PBXFileReference; lastKnownFileType = sourcecode.swift; path = NavigationManager.swift; sourceTree = "<group>"; };
		84CE7B102C300F6800B8AED3 /* SecondScreenConfigurator.swift */ = {isa = PBXFileReference; lastKnownFileType = sourcecode.swift; path = SecondScreenConfigurator.swift; sourceTree = "<group>"; };
		84CE7B122C30236D00B8AED3 /* GameScene.sks */ = {isa = PBXFileReference; lastKnownFileType = file.sks; path = GameScene.sks; sourceTree = "<group>"; };
/* End PBXFileReference section */

/* Begin PBXFrameworksBuildPhase section */
		84CE7ACB2C2F37BF00B8AED3 /* Frameworks */ = {
			isa = PBXFrameworksBuildPhase;
			buildActionMask = 2147483647;
			files = (
				84CE7AF92C2F501600B8AED3 /* Web3 in Frameworks */,
				84CE7AF62C2F4D5B00B8AED3 /* OpenAPIClient in Frameworks */,
				84CE7AFB2C2F501600B8AED3 /* Web3ContractABI in Frameworks */,
				84CE7AFD2C2F501600B8AED3 /* Web3PromiseKit in Frameworks */,
				84CE7AF32C2F497300B8AED3 /* OpenAPIClient in Frameworks */,
			);
			runOnlyForDeploymentPostprocessing = 0;
		};
/* End PBXFrameworksBuildPhase section */

/* Begin PBXGroup section */
		84CE7AC52C2F37BF00B8AED3 = {
			isa = PBXGroup;
			children = (
				84CE7AD02C2F37BF00B8AED3 /* Carnage */,
				84CE7ACF2C2F37BF00B8AED3 /* Products */,
			);
			sourceTree = "<group>";
		};
		84CE7ACF2C2F37BF00B8AED3 /* Products */ = {
			isa = PBXGroup;
			children = (
				84CE7ACE2C2F37BF00B8AED3 /* Carnage.app */,
			);
			name = Products;
			sourceTree = "<group>";
		};
		84CE7AD02C2F37BF00B8AED3 /* Carnage */ = {
			isa = PBXGroup;
			children = (
				84CE7B0D2C300E1D00B8AED3 /* Managers */,
				84CE7AEE2C2F469000B8AED3 /* Client */,
				84CE7AE72C2F397700B8AED3 /* Views */,
				84CE7AD12C2F37BF00B8AED3 /* AppDelegate.swift */,
				84CE7AD32C2F37BF00B8AED3 /* SceneDelegate.swift */,
				84CE7AD72C2F37BF00B8AED3 /* Main.storyboard */,
				84CE7ADA2C2F37C100B8AED3 /* Assets.xcassets */,
				84CE7ADC2C2F37C100B8AED3 /* LaunchScreen.storyboard */,
				84CE7ADF2C2F37C100B8AED3 /* Info.plist */,
			);
			path = Carnage;
			sourceTree = "<group>";
		};
		84CE7AE72C2F397700B8AED3 /* Views */ = {
			isa = PBXGroup;
			children = (
				84CE7B072C300D1500B8AED3 /* SecondScreen */,
				84CE7B022C2F62C200B8AED3 /* GameScreen */,
				84CE7AE82C2F3B9C00B8AED3 /* FirstScreen */,
			);
			path = Views;
			sourceTree = "<group>";
		};
		84CE7AE82C2F3B9C00B8AED3 /* FirstScreen */ = {
			isa = PBXGroup;
			children = (
				84CE7AEB2C2F413E00B8AED3 /* Subviews */,
				84CE7B002C2F51BD00B8AED3 /* FirstScreenConfigurator.swift */,
				84CE7AFE2C2F51AF00B8AED3 /* FirstScreenModel.swift */,
				84CE7AE92C2F3BB300B8AED3 /* FirstScreenViewModel.swift */,
				84CE7AE52C2F381900B8AED3 /* FirstScreenView.swift */,
			);
			path = FirstScreen;
			sourceTree = "<group>";
		};
		84CE7AEB2C2F413E00B8AED3 /* Subviews */ = {
			isa = PBXGroup;
			children = (
				84CE7AEC2C2F414E00B8AED3 /* EventCell.swift */,
			);
			path = Subviews;
			sourceTree = "<group>";
		};
		84CE7AEE2C2F469000B8AED3 /* Client */ = {
			isa = PBXGroup;
			children = (
				84CE7AEF2C2F469F00B8AED3 /* Client.swift */,
			);
			path = Client;
			sourceTree = "<group>";
		};
		84CE7B022C2F62C200B8AED3 /* GameScreen */ = {
			isa = PBXGroup;
			children = (
				84CE7B032C2F62DF00B8AED3 /* GameViewController.swift */,
				84CE7B052C2F642F00B8AED3 /* GameScene.swift */,
				84CE7B122C30236D00B8AED3 /* GameScene.sks */,
			);
			path = GameScreen;
			sourceTree = "<group>";
		};
		84CE7B072C300D1500B8AED3 /* SecondScreen */ = {
			isa = PBXGroup;
			children = (
				84CE7B102C300F6800B8AED3 /* SecondScreenConfigurator.swift */,
				84CE7B0A2C300D7C00B8AED3 /* SecondScreenViewModel.swift */,
				84CE7B082C300D6800B8AED3 /* SecondScreenView.swift */,
			);
			path = SecondScreen;
			sourceTree = "<group>";
		};
		84CE7B0D2C300E1D00B8AED3 /* Managers */ = {
			isa = PBXGroup;
			children = (
				84CE7B0E2C300E2F00B8AED3 /* NavigationManager.swift */,
			);
			path = Managers;
			sourceTree = "<group>";
		};
/* End PBXGroup section */

/* Begin PBXNativeTarget section */
		84CE7ACD2C2F37BF00B8AED3 /* Carnage */ = {
			isa = PBXNativeTarget;
			buildConfigurationList = 84CE7AE22C2F37C100B8AED3 /* Build configuration list for PBXNativeTarget "Carnage" */;
			buildPhases = (
				84CE7ACA2C2F37BF00B8AED3 /* Sources */,
				84CE7ACB2C2F37BF00B8AED3 /* Frameworks */,
				84CE7ACC2C2F37BF00B8AED3 /* Resources */,
			);
			buildRules = (
			);
			dependencies = (
			);
			name = Carnage;
			packageProductDependencies = (
				84CE7AF22C2F497300B8AED3 /* OpenAPIClient */,
				84CE7AF52C2F4D5B00B8AED3 /* OpenAPIClient */,
				84CE7AF82C2F501600B8AED3 /* Web3 */,
				84CE7AFA2C2F501600B8AED3 /* Web3ContractABI */,
				84CE7AFC2C2F501600B8AED3 /* Web3PromiseKit */,
			);
			productName = Carnage;
			productReference = 84CE7ACE2C2F37BF00B8AED3 /* Carnage.app */;
			productType = "com.apple.product-type.application";
		};
/* End PBXNativeTarget section */

/* Begin PBXProject section */
		84CE7AC62C2F37BF00B8AED3 /* Project object */ = {
			isa = PBXProject;
			attributes = {
				BuildIndependentTargetsInParallel = 1;
				LastSwiftUpdateCheck = 1500;
				LastUpgradeCheck = 1500;
				TargetAttributes = {
					84CE7ACD2C2F37BF00B8AED3 = {
						CreatedOnToolsVersion = 15.0.1;
					};
				};
			};
			buildConfigurationList = 84CE7AC92C2F37BF00B8AED3 /* Build configuration list for PBXProject "Carnage" */;
			compatibilityVersion = "Xcode 14.0";
			developmentRegion = en;
			hasScannedForEncodings = 0;
			knownRegions = (
				en,
				Base,
			);
			mainGroup = 84CE7AC52C2F37BF00B8AED3;
			packageReferences = (
				84CE7AF42C2F4D5B00B8AED3 /* XCLocalSwiftPackageReference "../carnage-client/client" */,
				84CE7AF72C2F501600B8AED3 /* XCRemoteSwiftPackageReference "Web3.swift" */,
			);
			productRefGroup = 84CE7ACF2C2F37BF00B8AED3 /* Products */;
			projectDirPath = "";
			projectRoot = "";
			targets = (
				84CE7ACD2C2F37BF00B8AED3 /* Carnage */,
			);
		};
/* End PBXProject section */

/* Begin PBXResourcesBuildPhase section */
		84CE7ACC2C2F37BF00B8AED3 /* Resources */ = {
			isa = PBXResourcesBuildPhase;
			buildActionMask = 2147483647;
			files = (
				84CE7ADE2C2F37C100B8AED3 /* LaunchScreen.storyboard in Resources */,
				84CE7ADB2C2F37C100B8AED3 /* Assets.xcassets in Resources */,
				84CE7B132C30236D00B8AED3 /* GameScene.sks in Resources */,
				84CE7AD92C2F37BF00B8AED3 /* Main.storyboard in Resources */,
			);
			runOnlyForDeploymentPostprocessing = 0;
		};
/* End PBXResourcesBuildPhase section */

/* Begin PBXSourcesBuildPhase section */
		84CE7ACA2C2F37BF00B8AED3 /* Sources */ = {
			isa = PBXSourcesBuildPhase;
			buildActionMask = 2147483647;
			files = (
				84CE7B042C2F62DF00B8AED3 /* GameViewController.swift in Sources */,
				84CE7AE62C2F381900B8AED3 /* FirstScreenView.swift in Sources */,
				84CE7B0B2C300D7C00B8AED3 /* SecondScreenViewModel.swift in Sources */,
				84CE7B012C2F51BD00B8AED3 /* FirstScreenConfigurator.swift in Sources */,
				84CE7AF02C2F469F00B8AED3 /* Client.swift in Sources */,
				84CE7AFF2C2F51AF00B8AED3 /* FirstScreenModel.swift in Sources */,
				84CE7B062C2F642F00B8AED3 /* GameScene.swift in Sources */,
				84CE7B092C300D6800B8AED3 /* SecondScreenView.swift in Sources */,
				84CE7AEA2C2F3BB300B8AED3 /* FirstScreenViewModel.swift in Sources */,
				84CE7B112C300F6800B8AED3 /* SecondScreenConfigurator.swift in Sources */,
				84CE7AD22C2F37BF00B8AED3 /* AppDelegate.swift in Sources */,
				84CE7AED2C2F414E00B8AED3 /* EventCell.swift in Sources */,
				84CE7B0F2C300E2F00B8AED3 /* NavigationManager.swift in Sources */,
				84CE7AD42C2F37BF00B8AED3 /* SceneDelegate.swift in Sources */,
			);
			runOnlyForDeploymentPostprocessing = 0;
		};
/* End PBXSourcesBuildPhase section */

/* Begin PBXVariantGroup section */
		84CE7AD72C2F37BF00B8AED3 /* Main.storyboard */ = {
			isa = PBXVariantGroup;
			children = (
				84CE7AD82C2F37BF00B8AED3 /* Base */,
			);
			name = Main.storyboard;
			sourceTree = "<group>";
		};
		84CE7ADC2C2F37C100B8AED3 /* LaunchScreen.storyboard */ = {
			isa = PBXVariantGroup;
			children = (
				84CE7ADD2C2F37C100B8AED3 /* Base */,
			);
			name = LaunchScreen.storyboard;
			sourceTree = "<group>";
		};
/* End PBXVariantGroup section */

/* Begin XCBuildConfiguration section */
		84CE7AE02C2F37C100B8AED3 /* Debug */ = {
			isa = XCBuildConfiguration;
			buildSettings = {
				ALWAYS_SEARCH_USER_PATHS = NO;
				ASSETCATALOG_COMPILER_GENERATE_SWIFT_ASSET_SYMBOL_EXTENSIONS = YES;
				CLANG_ANALYZER_NONNULL = YES;
				CLANG_ANALYZER_NUMBER_OBJECT_CONVERSION = YES_AGGRESSIVE;
				CLANG_CXX_LANGUAGE_STANDARD = "gnu++20";
				CLANG_ENABLE_MODULES = YES;
				CLANG_ENABLE_OBJC_ARC = YES;
				CLANG_ENABLE_OBJC_WEAK = YES;
				CLANG_WARN_BLOCK_CAPTURE_AUTORELEASING = YES;
				CLANG_WARN_BOOL_CONVERSION = YES;
				CLANG_WARN_COMMA = YES;
				CLANG_WARN_CONSTANT_CONVERSION = YES;
				CLANG_WARN_DEPRECATED_OBJC_IMPLEMENTATIONS = YES;
				CLANG_WARN_DIRECT_OBJC_ISA_USAGE = YES_ERROR;
				CLANG_WARN_DOCUMENTATION_COMMENTS = YES;
				CLANG_WARN_EMPTY_BODY = YES;
				CLANG_WARN_ENUM_CONVERSION = YES;
				CLANG_WARN_INFINITE_RECURSION = YES;
				CLANG_WARN_INT_CONVERSION = YES;
				CLANG_WARN_NON_LITERAL_NULL_CONVERSION = YES;
				CLANG_WARN_OBJC_IMPLICIT_RETAIN_SELF = YES;
				CLANG_WARN_OBJC_LITERAL_CONVERSION = YES;
				CLANG_WARN_OBJC_ROOT_CLASS = YES_ERROR;
				CLANG_WARN_QUOTED_INCLUDE_IN_FRAMEWORK_HEADER = YES;
				CLANG_WARN_RANGE_LOOP_ANALYSIS = YES;
				CLANG_WARN_STRICT_PROTOTYPES = YES;
				CLANG_WARN_SUSPICIOUS_MOVE = YES;
				CLANG_WARN_UNGUARDED_AVAILABILITY = YES_AGGRESSIVE;
				CLANG_WARN_UNREACHABLE_CODE = YES;
				CLANG_WARN__DUPLICATE_METHOD_MATCH = YES;
				COPY_PHASE_STRIP = NO;
				DEBUG_INFORMATION_FORMAT = dwarf;
				ENABLE_STRICT_OBJC_MSGSEND = YES;
				ENABLE_TESTABILITY = YES;
				ENABLE_USER_SCRIPT_SANDBOXING = YES;
				GCC_C_LANGUAGE_STANDARD = gnu17;
				GCC_DYNAMIC_NO_PIC = NO;
				GCC_NO_COMMON_BLOCKS = YES;
				GCC_OPTIMIZATION_LEVEL = 0;
				GCC_PREPROCESSOR_DEFINITIONS = (
					"DEBUG=1",
					"$(inherited)",
				);
				GCC_WARN_64_TO_32_BIT_CONVERSION = YES;
				GCC_WARN_ABOUT_RETURN_TYPE = YES_ERROR;
				GCC_WARN_UNDECLARED_SELECTOR = YES;
				GCC_WARN_UNINITIALIZED_AUTOS = YES_AGGRESSIVE;
				GCC_WARN_UNUSED_FUNCTION = YES;
				GCC_WARN_UNUSED_VARIABLE = YES;
				IPHONEOS_DEPLOYMENT_TARGET = 17.0;
				LOCALIZATION_PREFERS_STRING_CATALOGS = YES;
				MTL_ENABLE_DEBUG_INFO = INCLUDE_SOURCE;
				MTL_FAST_MATH = YES;
				ONLY_ACTIVE_ARCH = YES;
				SDKROOT = iphoneos;
				SWIFT_ACTIVE_COMPILATION_CONDITIONS = "DEBUG $(inherited)";
				SWIFT_OPTIMIZATION_LEVEL = "-Onone";
			};
			name = Debug;
		};
		84CE7AE12C2F37C100B8AED3 /* Release */ = {
			isa = XCBuildConfiguration;
			buildSettings = {
				ALWAYS_SEARCH_USER_PATHS = NO;
				ASSETCATALOG_COMPILER_GENERATE_SWIFT_ASSET_SYMBOL_EXTENSIONS = YES;
				CLANG_ANALYZER_NONNULL = YES;
				CLANG_ANALYZER_NUMBER_OBJECT_CONVERSION = YES_AGGRESSIVE;
				CLANG_CXX_LANGUAGE_STANDARD = "gnu++20";
				CLANG_ENABLE_MODULES = YES;
				CLANG_ENABLE_OBJC_ARC = YES;
				CLANG_ENABLE_OBJC_WEAK = YES;
				CLANG_WARN_BLOCK_CAPTURE_AUTORELEASING = YES;
				CLANG_WARN_BOOL_CONVERSION = YES;
				CLANG_WARN_COMMA = YES;
				CLANG_WARN_CONSTANT_CONVERSION = YES;
				CLANG_WARN_DEPRECATED_OBJC_IMPLEMENTATIONS = YES;
				CLANG_WARN_DIRECT_OBJC_ISA_USAGE = YES_ERROR;
				CLANG_WARN_DOCUMENTATION_COMMENTS = YES;
				CLANG_WARN_EMPTY_BODY = YES;
				CLANG_WARN_ENUM_CONVERSION = YES;
				CLANG_WARN_INFINITE_RECURSION = YES;
				CLANG_WARN_INT_CONVERSION = YES;
				CLANG_WARN_NON_LITERAL_NULL_CONVERSION = YES;
				CLANG_WARN_OBJC_IMPLICIT_RETAIN_SELF = YES;
				CLANG_WARN_OBJC_LITERAL_CONVERSION = YES;
				CLANG_WARN_OBJC_ROOT_CLASS = YES_ERROR;
				CLANG_WARN_QUOTED_INCLUDE_IN_FRAMEWORK_HEADER = YES;
				CLANG_WARN_RANGE_LOOP_ANALYSIS = YES;
				CLANG_WARN_STRICT_PROTOTYPES = YES;
				CLANG_WARN_SUSPICIOUS_MOVE = YES;
				CLANG_WARN_UNGUARDED_AVAILABILITY = YES_AGGRESSIVE;
				CLANG_WARN_UNREACHABLE_CODE = YES;
				CLANG_WARN__DUPLICATE_METHOD_MATCH = YES;
				COPY_PHASE_STRIP = NO;
				DEBUG_INFORMATION_FORMAT = "dwarf-with-dsym";
				ENABLE_NS_ASSERTIONS = NO;
				ENABLE_STRICT_OBJC_MSGSEND = YES;
				ENABLE_USER_SCRIPT_SANDBOXING = YES;
				GCC_C_LANGUAGE_STANDARD = gnu17;
				GCC_NO_COMMON_BLOCKS = YES;
				GCC_WARN_64_TO_32_BIT_CONVERSION = YES;
				GCC_WARN_ABOUT_RETURN_TYPE = YES_ERROR;
				GCC_WARN_UNDECLARED_SELECTOR = YES;
				GCC_WARN_UNINITIALIZED_AUTOS = YES_AGGRESSIVE;
				GCC_WARN_UNUSED_FUNCTION = YES;
				GCC_WARN_UNUSED_VARIABLE = YES;
				IPHONEOS_DEPLOYMENT_TARGET = 17.0;
				LOCALIZATION_PREFERS_STRING_CATALOGS = YES;
				MTL_ENABLE_DEBUG_INFO = NO;
				MTL_FAST_MATH = YES;
				SDKROOT = iphoneos;
				SWIFT_COMPILATION_MODE = wholemodule;
				VALIDATE_PRODUCT = YES;
			};
			name = Release;
		};
		84CE7AE32C2F37C100B8AED3 /* Debug */ = {
			isa = XCBuildConfiguration;
			buildSettings = {
				ASSETCATALOG_COMPILER_APPICON_NAME = AppIcon;
				ASSETCATALOG_COMPILER_GLOBAL_ACCENT_COLOR_NAME = AccentColor;
				CODE_SIGN_STYLE = Automatic;
				CURRENT_PROJECT_VERSION = 1;
				DEVELOPMENT_TEAM = T7CLECN442;
				GENERATE_INFOPLIST_FILE = YES;
				INFOPLIST_FILE = Carnage/Info.plist;
				INFOPLIST_KEY_UIApplicationSupportsIndirectInputEvents = YES;
				INFOPLIST_KEY_UILaunchStoryboardName = LaunchScreen;
				INFOPLIST_KEY_UIMainStoryboardFile = Main;
				INFOPLIST_KEY_UISupportedInterfaceOrientations_iPad = "UIInterfaceOrientationPortrait UIInterfaceOrientationPortraitUpsideDown UIInterfaceOrientationLandscapeLeft UIInterfaceOrientationLandscapeRight";
				INFOPLIST_KEY_UISupportedInterfaceOrientations_iPhone = "UIInterfaceOrientationPortrait UIInterfaceOrientationLandscapeLeft UIInterfaceOrientationLandscapeRight";
				IPHONEOS_DEPLOYMENT_TARGET = 16.0;
				LD_RUNPATH_SEARCH_PATHS = (
					"$(inherited)",
					"@executable_path/Frameworks",
				);
				MARKETING_VERSION = 1.0;
				PRODUCT_BUNDLE_IDENTIFIER = com.Carnage;
				PRODUCT_NAME = "$(TARGET_NAME)";
				SWIFT_EMIT_LOC_STRINGS = YES;
				SWIFT_VERSION = 5.0;
				TARGETED_DEVICE_FAMILY = "1,2";
			};
			name = Debug;
		};
		84CE7AE42C2F37C100B8AED3 /* Release */ = {
			isa = XCBuildConfiguration;
			buildSettings = {
				ASSETCATALOG_COMPILER_APPICON_NAME = AppIcon;
				ASSETCATALOG_COMPILER_GLOBAL_ACCENT_COLOR_NAME = AccentColor;
				CODE_SIGN_STYLE = Automatic;
				CURRENT_PROJECT_VERSION = 1;
				DEVELOPMENT_TEAM = T7CLECN442;
				GENERATE_INFOPLIST_FILE = YES;
				INFOPLIST_FILE = Carnage/Info.plist;
				INFOPLIST_KEY_UIApplicationSupportsIndirectInputEvents = YES;
				INFOPLIST_KEY_UILaunchStoryboardName = LaunchScreen;
				INFOPLIST_KEY_UIMainStoryboardFile = Main;
				INFOPLIST_KEY_UISupportedInterfaceOrientations_iPad = "UIInterfaceOrientationPortrait UIInterfaceOrientationPortraitUpsideDown UIInterfaceOrientationLandscapeLeft UIInterfaceOrientationLandscapeRight";
				INFOPLIST_KEY_UISupportedInterfaceOrientations_iPhone = "UIInterfaceOrientationPortrait UIInterfaceOrientationLandscapeLeft UIInterfaceOrientationLandscapeRight";
				IPHONEOS_DEPLOYMENT_TARGET = 16.0;
				LD_RUNPATH_SEARCH_PATHS = (
					"$(inherited)",
					"@executable_path/Frameworks",
				);
				MARKETING_VERSION = 1.0;
				PRODUCT_BUNDLE_IDENTIFIER = com.Carnage;
				PRODUCT_NAME = "$(TARGET_NAME)";
				SWIFT_EMIT_LOC_STRINGS = YES;
				SWIFT_VERSION = 5.0;
				TARGETED_DEVICE_FAMILY = "1,2";
			};
			name = Release;
		};
/* End XCBuildConfiguration section */

/* Begin XCConfigurationList section */
		84CE7AC92C2F37BF00B8AED3 /* Build configuration list for PBXProject "Carnage" */ = {
			isa = XCConfigurationList;
			buildConfigurations = (
				84CE7AE02C2F37C100B8AED3 /* Debug */,
				84CE7AE12C2F37C100B8AED3 /* Release */,
			);
			defaultConfigurationIsVisible = 0;
			defaultConfigurationName = Release;
		};
		84CE7AE22C2F37C100B8AED3 /* Build configuration list for PBXNativeTarget "Carnage" */ = {
			isa = XCConfigurationList;
			buildConfigurations = (
				84CE7AE32C2F37C100B8AED3 /* Debug */,
				84CE7AE42C2F37C100B8AED3 /* Release */,
			);
			defaultConfigurationIsVisible = 0;
			defaultConfigurationName = Release;
		};
/* End XCConfigurationList section */

/* Begin XCLocalSwiftPackageReference section */
		84CE7AF42C2F4D5B00B8AED3 /* XCLocalSwiftPackageReference "../carnage-client/client" */ = {
			isa = XCLocalSwiftPackageReference;
			relativePath = "../carnage-client/client";
		};
/* End XCLocalSwiftPackageReference section */

/* Begin XCRemoteSwiftPackageReference section */
		84CE7AF72C2F501600B8AED3 /* XCRemoteSwiftPackageReference "Web3.swift" */ = {
			isa = XCRemoteSwiftPackageReference;
			repositoryURL = "https://github.com/Boilertalk/Web3.swift.git";
			requirement = {
				kind = upToNextMajorVersion;
				minimumVersion = 0.8.8;
			};
		};
/* End XCRemoteSwiftPackageReference section */

/* Begin XCSwiftPackageProductDependency section */
		84CE7AF22C2F497300B8AED3 /* OpenAPIClient */ = {
			isa = XCSwiftPackageProductDependency;
			productName = OpenAPIClient;
		};
		84CE7AF52C2F4D5B00B8AED3 /* OpenAPIClient */ = {
			isa = XCSwiftPackageProductDependency;
			productName = OpenAPIClient;
		};
		84CE7AF82C2F501600B8AED3 /* Web3 */ = {
			isa = XCSwiftPackageProductDependency;
			package = 84CE7AF72C2F501600B8AED3 /* XCRemoteSwiftPackageReference "Web3.swift" */;
			productName = Web3;
		};
		84CE7AFA2C2F501600B8AED3 /* Web3ContractABI */ = {
			isa = XCSwiftPackageProductDependency;
			package = 84CE7AF72C2F501600B8AED3 /* XCRemoteSwiftPackageReference "Web3.swift" */;
			productName = Web3ContractABI;
		};
		84CE7AFC2C2F501600B8AED3 /* Web3PromiseKit */ = {
			isa = XCSwiftPackageProductDependency;
			package = 84CE7AF72C2F501600B8AED3 /* XCRemoteSwiftPackageReference "Web3.swift" */;
			productName = Web3PromiseKit;
		};
/* End XCSwiftPackageProductDependency section */
	};
	rootObject = 84CE7AC62C2F37BF00B8AED3 /* Project object */;
}
